// !$*UTF8*$!
{
	archiveVersion = 1;
	classes = {
	};
	objectVersion = 46;
	objects = {

/* Begin PBXBuildFile section */
		D83A825A1CA017D400B8927E /* AppDelegate.swift in Sources */ = {isa = PBXBuildFile; fileRef = D83A82591CA017D400B8927E /* AppDelegate.swift */; };
		D83A825C1CA017D400B8927E /* ViewController.swift in Sources */ = {isa = PBXBuildFile; fileRef = D83A825B1CA017D400B8927E /* ViewController.swift */; };
		D83A825F1CA017D400B8927E /* Main.storyboard in Resources */ = {isa = PBXBuildFile; fileRef = D83A825D1CA017D400B8927E /* Main.storyboard */; };
		D83A82611CA017D400B8927E /* Assets.xcassets in Resources */ = {isa = PBXBuildFile; fileRef = D83A82601CA017D400B8927E /* Assets.xcassets */; };
		D83A82641CA017D400B8927E /* LaunchScreen.storyboard in Resources */ = {isa = PBXBuildFile; fileRef = D83A82621CA017D400B8927E /* LaunchScreen.storyboard */; };
		D83A827A1CA0293800B8927E /* WebViewController.swift in Sources */ = {isa = PBXBuildFile; fileRef = D83A82791CA0293800B8927E /* WebViewController.swift */; };
		D83A82C21CA02F0C00B8927E /* MarkdownParseKit.swift in Sources */ = {isa = PBXBuildFile; fileRef = D83A82AD1CA02F0C00B8927E /* MarkdownParseKit.swift */; };
		D83A82C31CA02F0C00B8927E /* houdini_href_e.c in Sources */ = {isa = PBXBuildFile; fileRef = D83A82B11CA02F0C00B8927E /* houdini_href_e.c */; };
		D83A82C41CA02F0C00B8927E /* houdini_html_e.c in Sources */ = {isa = PBXBuildFile; fileRef = D83A82B21CA02F0C00B8927E /* houdini_html_e.c */; };
		D83A82C51CA02F0C00B8927E /* html.c in Sources */ = {isa = PBXBuildFile; fileRef = D83A82B31CA02F0C00B8927E /* html.c */; };
		D83A82C61CA02F0C00B8927E /* html_smartypants.c in Sources */ = {isa = PBXBuildFile; fileRef = D83A82B51CA02F0C00B8927E /* html_smartypants.c */; };
		D83A82C71CA02F0C00B8927E /* autolink.c in Sources */ = {isa = PBXBuildFile; fileRef = D83A82B71CA02F0C00B8927E /* autolink.c */; };
		D83A82C81CA02F0C00B8927E /* buffer.c in Sources */ = {isa = PBXBuildFile; fileRef = D83A82B91CA02F0C00B8927E /* buffer.c */; };
		D83A82C91CA02F0C00B8927E /* markdown.c in Sources */ = {isa = PBXBuildFile; fileRef = D83A82BC1CA02F0C00B8927E /* markdown.c */; };
		D83A82CA1CA02F0C00B8927E /* stack.c in Sources */ = {isa = PBXBuildFile; fileRef = D83A82BE1CA02F0C00B8927E /* stack.c */; };
		D83A82CB1CA02F0C00B8927E /* UIWebView+Markdown.swift in Sources */ = {isa = PBXBuildFile; fileRef = D83A82C01CA02F0C00B8927E /* UIWebView+Markdown.swift */; };
		D83A82CC1CA02F0C00B8927E /* WKWebView+Markdown.swift in Sources */ = {isa = PBXBuildFile; fileRef = D83A82C11CA02F0C00B8927E /* WKWebView+Markdown.swift */; };
/* End PBXBuildFile section */

/* Begin PBXCopyFilesBuildPhase section */
		D83A829F1CA02B4500B8927E /* Embed Watch Content */ = {
			isa = PBXCopyFilesBuildPhase;
			buildActionMask = 2147483647;
			dstPath = "$(CONTENTS_FOLDER_PATH)/Watch";
			dstSubfolderSpec = 16;
			files = (
			);
			name = "Embed Watch Content";
			runOnlyForDeploymentPostprocessing = 0;
		};
/* End PBXCopyFilesBuildPhase section */

/* Begin PBXFileReference section */
		D83A82571CA017D400B8927E /* iOSExamples.app */ = {isa = PBXFileReference; explicitFileType = wrapper.application; includeInIndex = 0; path = iOSExamples.app; sourceTree = BUILT_PRODUCTS_DIR; };
		D83A82591CA017D400B8927E /* AppDelegate.swift */ = {isa = PBXFileReference; lastKnownFileType = sourcecode.swift; path = AppDelegate.swift; sourceTree = "<group>"; };
		D83A825B1CA017D400B8927E /* ViewController.swift */ = {isa = PBXFileReference; lastKnownFileType = sourcecode.swift; path = ViewController.swift; sourceTree = "<group>"; };
		D83A825E1CA017D400B8927E /* Base */ = {isa = PBXFileReference; lastKnownFileType = file.storyboard; name = Base; path = Base.lproj/Main.storyboard; sourceTree = "<group>"; };
		D83A82601CA017D400B8927E /* Assets.xcassets */ = {isa = PBXFileReference; lastKnownFileType = folder.assetcatalog; path = Assets.xcassets; sourceTree = "<group>"; };
		D83A82631CA017D400B8927E /* Base */ = {isa = PBXFileReference; lastKnownFileType = file.storyboard; name = Base; path = Base.lproj/LaunchScreen.storyboard; sourceTree = "<group>"; };
		D83A82651CA017D400B8927E /* Info.plist */ = {isa = PBXFileReference; lastKnownFileType = text.plist.xml; path = Info.plist; sourceTree = "<group>"; };
		D83A82741CA0246F00B8927E /* Swift-Bridge-Header.h */ = {isa = PBXFileReference; lastKnownFileType = sourcecode.c.h; path = "Swift-Bridge-Header.h"; sourceTree = "<group>"; };
		D83A82791CA0293800B8927E /* WebViewController.swift */ = {isa = PBXFileReference; fileEncoding = 4; lastKnownFileType = sourcecode.swift; path = WebViewController.swift; sourceTree = "<group>"; };
		D83A82AD1CA02F0C00B8927E /* MarkdownParseKit.swift */ = {isa = PBXFileReference; fileEncoding = 4; lastKnownFileType = sourcecode.swift; path = MarkdownParseKit.swift; sourceTree = "<group>"; };
		D83A82B01CA02F0C00B8927E /* houdini.h */ = {isa = PBXFileReference; fileEncoding = 4; lastKnownFileType = sourcecode.c.h; path = houdini.h; sourceTree = "<group>"; };
		D83A82B11CA02F0C00B8927E /* houdini_href_e.c */ = {isa = PBXFileReference; fileEncoding = 4; lastKnownFileType = sourcecode.c.c; path = houdini_href_e.c; sourceTree = "<group>"; };
		D83A82B21CA02F0C00B8927E /* houdini_html_e.c */ = {isa = PBXFileReference; fileEncoding = 4; lastKnownFileType = sourcecode.c.c; path = houdini_html_e.c; sourceTree = "<group>"; };
		D83A82B31CA02F0C00B8927E /* html.c */ = {isa = PBXFileReference; fileEncoding = 4; lastKnownFileType = sourcecode.c.c; path = html.c; sourceTree = "<group>"; };
		D83A82B41CA02F0C00B8927E /* html.h */ = {isa = PBXFileReference; fileEncoding = 4; lastKnownFileType = sourcecode.c.h; path = html.h; sourceTree = "<group>"; };
		D83A82B51CA02F0C00B8927E /* html_smartypants.c */ = {isa = PBXFileReference; fileEncoding = 4; lastKnownFileType = sourcecode.c.c; path = html_smartypants.c; sourceTree = "<group>"; };
		D83A82B71CA02F0C00B8927E /* autolink.c */ = {isa = PBXFileReference; fileEncoding = 4; lastKnownFileType = sourcecode.c.c; path = autolink.c; sourceTree = "<group>"; };
		D83A82B81CA02F0C00B8927E /* autolink.h */ = {isa = PBXFileReference; fileEncoding = 4; lastKnownFileType = sourcecode.c.h; path = autolink.h; sourceTree = "<group>"; };
		D83A82B91CA02F0C00B8927E /* buffer.c */ = {isa = PBXFileReference; fileEncoding = 4; lastKnownFileType = sourcecode.c.c; path = buffer.c; sourceTree = "<group>"; };
		D83A82BA1CA02F0C00B8927E /* buffer.h */ = {isa = PBXFileReference; fileEncoding = 4; lastKnownFileType = sourcecode.c.h; path = buffer.h; sourceTree = "<group>"; };
		D83A82BB1CA02F0C00B8927E /* html_blocks.h */ = {isa = PBXFileReference; fileEncoding = 4; lastKnownFileType = sourcecode.c.h; path = html_blocks.h; sourceTree = "<group>"; };
		D83A82BC1CA02F0C00B8927E /* markdown.c */ = {isa = PBXFileReference; fileEncoding = 4; lastKnownFileType = sourcecode.c.c; path = markdown.c; sourceTree = "<group>"; };
		D83A82BD1CA02F0C00B8927E /* markdown.h */ = {isa = PBXFileReference; fileEncoding = 4; lastKnownFileType = sourcecode.c.h; path = markdown.h; sourceTree = "<group>"; };
		D83A82BE1CA02F0C00B8927E /* stack.c */ = {isa = PBXFileReference; fileEncoding = 4; lastKnownFileType = sourcecode.c.c; path = stack.c; sourceTree = "<group>"; };
		D83A82BF1CA02F0C00B8927E /* stack.h */ = {isa = PBXFileReference; fileEncoding = 4; lastKnownFileType = sourcecode.c.h; path = stack.h; sourceTree = "<group>"; };
		D83A82C01CA02F0C00B8927E /* UIWebView+Markdown.swift */ = {isa = PBXFileReference; fileEncoding = 4; lastKnownFileType = sourcecode.swift; path = "UIWebView+Markdown.swift"; sourceTree = "<group>"; };
		D83A82C11CA02F0C00B8927E /* WKWebView+Markdown.swift */ = {isa = PBXFileReference; fileEncoding = 4; lastKnownFileType = sourcecode.swift; path = "WKWebView+Markdown.swift"; sourceTree = "<group>"; };
/* End PBXFileReference section */

/* Begin PBXFrameworksBuildPhase section */
		D83A82541CA017D400B8927E /* Frameworks */ = {
			isa = PBXFrameworksBuildPhase;
			buildActionMask = 2147483647;
			files = (
			);
			runOnlyForDeploymentPostprocessing = 0;
		};
/* End PBXFrameworksBuildPhase section */

/* Begin PBXGroup section */
		D83A82581CA017D400B8927E /* iOSExamples */ = {
			isa = PBXGroup;
			children = (
				D83A82591CA017D400B8927E /* AppDelegate.swift */,
				D83A825B1CA017D400B8927E /* ViewController.swift */,
				D83A82791CA0293800B8927E /* WebViewController.swift */,
				D83A825D1CA017D400B8927E /* Main.storyboard */,
				D83A82601CA017D400B8927E /* Assets.xcassets */,
				D83A82621CA017D400B8927E /* LaunchScreen.storyboard */,
				D83A82651CA017D400B8927E /* Info.plist */,
				D83A82741CA0246F00B8927E /* Swift-Bridge-Header.h */,
			);
			path = iOSExamples;
			sourceTree = "<group>";
		};
		D83A82AC1CA02F0C00B8927E /* Sources */ = {
			isa = PBXGroup;
			children = (
				D83A82AD1CA02F0C00B8927E /* MarkdownParseKit.swift */,
				D83A82AE1CA02F0C00B8927E /* Sundown */,
				D83A82C01CA02F0C00B8927E /* UIWebView+Markdown.swift */,
				D83A82C11CA02F0C00B8927E /* WKWebView+Markdown.swift */,
			);
			name = Sources;
			path = ../Sources;
			sourceTree = "<group>";
		};
		D83A82AE1CA02F0C00B8927E /* Sundown */ = {
			isa = PBXGroup;
			children = (
				D83A82AF1CA02F0C00B8927E /* html */,
				D83A82B61CA02F0C00B8927E /* src */,
			);
			path = Sundown;
			sourceTree = "<group>";
		};
		D83A82AF1CA02F0C00B8927E /* html */ = {
			isa = PBXGroup;
			children = (
				D83A82B01CA02F0C00B8927E /* houdini.h */,
				D83A82B11CA02F0C00B8927E /* houdini_href_e.c */,
				D83A82B21CA02F0C00B8927E /* houdini_html_e.c */,
				D83A82B31CA02F0C00B8927E /* html.c */,
				D83A82B41CA02F0C00B8927E /* html.h */,
				D83A82B51CA02F0C00B8927E /* html_smartypants.c */,
			);
			path = html;
			sourceTree = "<group>";
		};
		D83A82B61CA02F0C00B8927E /* src */ = {
			isa = PBXGroup;
			children = (
				D83A82B71CA02F0C00B8927E /* autolink.c */,
				D83A82B81CA02F0C00B8927E /* autolink.h */,
				D83A82B91CA02F0C00B8927E /* buffer.c */,
				D83A82BA1CA02F0C00B8927E /* buffer.h */,
				D83A82BB1CA02F0C00B8927E /* html_blocks.h */,
				D83A82BC1CA02F0C00B8927E /* markdown.c */,
				D83A82BD1CA02F0C00B8927E /* markdown.h */,
				D83A82BE1CA02F0C00B8927E /* stack.c */,
				D83A82BF1CA02F0C00B8927E /* stack.h */,
			);
			path = src;
			sourceTree = "<group>";
		};
		D898DF5D1C9FE84500A88502 = {
			isa = PBXGroup;
			children = (
				D83A82AC1CA02F0C00B8927E /* Sources */,
				D83A82581CA017D400B8927E /* iOSExamples */,
				D898DF671C9FE84500A88502 /* Products */,
			);
			sourceTree = "<group>";
		};
		D898DF671C9FE84500A88502 /* Products */ = {
			isa = PBXGroup;
			children = (
				D83A82571CA017D400B8927E /* iOSExamples.app */,
			);
			name = Products;
			sourceTree = "<group>";
		};
/* End PBXGroup section */

/* Begin PBXNativeTarget section */
		D83A82561CA017D400B8927E /* iOSExamples */ = {
			isa = PBXNativeTarget;
			buildConfigurationList = D83A82681CA017D400B8927E /* Build configuration list for PBXNativeTarget "iOSExamples" */;
			buildPhases = (
				D83A82531CA017D400B8927E /* Sources */,
				D83A82541CA017D400B8927E /* Frameworks */,
				D83A82551CA017D400B8927E /* Resources */,
				D83A829F1CA02B4500B8927E /* Embed Watch Content */,
			);
			buildRules = (
			);
			dependencies = (
			);
			name = iOSExamples;
			productName = iOSExamples;
			productReference = D83A82571CA017D400B8927E /* iOSExamples.app */;
			productType = "com.apple.product-type.application";
		};
/* End PBXNativeTarget section */

/* Begin PBXProject section */
		D898DF5E1C9FE84500A88502 /* Project object */ = {
			isa = PBXProject;
			attributes = {
				LastSwiftUpdateCheck = 0720;
				LastUpgradeCheck = 0720;
				ORGANIZATIONNAME = "星夜暮晨";
				TargetAttributes = {
					D83A82561CA017D400B8927E = {
						CreatedOnToolsVersion = 7.2.1;
					};
				};
			};
			buildConfigurationList = D898DF611C9FE84500A88502 /* Build configuration list for PBXProject "SwiftMarkdownParserExamples" */;
			compatibilityVersion = "Xcode 3.2";
			developmentRegion = English;
			hasScannedForEncodings = 0;
			knownRegions = (
				en,
				Base,
			);
			mainGroup = D898DF5D1C9FE84500A88502;
			productRefGroup = D898DF671C9FE84500A88502 /* Products */;
			projectDirPath = "";
			projectRoot = "";
			targets = (
				D83A82561CA017D400B8927E /* iOSExamples */,
			);
		};
/* End PBXProject section */

/* Begin PBXResourcesBuildPhase section */
		D83A82551CA017D400B8927E /* Resources */ = {
			isa = PBXResourcesBuildPhase;
			buildActionMask = 2147483647;
			files = (
				D83A82641CA017D400B8927E /* LaunchScreen.storyboard in Resources */,
				D83A82611CA017D400B8927E /* Assets.xcassets in Resources */,
				D83A825F1CA017D400B8927E /* Main.storyboard in Resources */,
			);
			runOnlyForDeploymentPostprocessing = 0;
		};
/* End PBXResourcesBuildPhase section */

/* Begin PBXSourcesBuildPhase section */
		D83A82531CA017D400B8927E /* Sources */ = {
			isa = PBXSourcesBuildPhase;
			buildActionMask = 2147483647;
			files = (
				D83A82C91CA02F0C00B8927E /* markdown.c in Sources */,
				D83A82C51CA02F0C00B8927E /* html.c in Sources */,
				D83A825C1CA017D400B8927E /* ViewController.swift in Sources */,
				D83A82CB1CA02F0C00B8927E /* UIWebView+Markdown.swift in Sources */,
				D83A82C71CA02F0C00B8927E /* autolink.c in Sources */,
				D83A82C81CA02F0C00B8927E /* buffer.c in Sources */,
				D83A82C31CA02F0C00B8927E /* houdini_href_e.c in Sources */,
				D83A82CA1CA02F0C00B8927E /* stack.c in Sources */,
				D83A827A1CA0293800B8927E /* WebViewController.swift in Sources */,
				D83A825A1CA017D400B8927E /* AppDelegate.swift in Sources */,
				D83A82C61CA02F0C00B8927E /* html_smartypants.c in Sources */,
				D83A82C21CA02F0C00B8927E /* MarkdownParseKit.swift in Sources */,
				D83A82CC1CA02F0C00B8927E /* WKWebView+Markdown.swift in Sources */,
				D83A82C41CA02F0C00B8927E /* houdini_html_e.c in Sources */,
			);
			runOnlyForDeploymentPostprocessing = 0;
		};
/* End PBXSourcesBuildPhase section */

/* Begin PBXVariantGroup section */
		D83A825D1CA017D400B8927E /* Main.storyboard */ = {
			isa = PBXVariantGroup;
			children = (
				D83A825E1CA017D400B8927E /* Base */,
			);
			name = Main.storyboard;
			sourceTree = "<group>";
		};
		D83A82621CA017D400B8927E /* LaunchScreen.storyboard */ = {
			isa = PBXVariantGroup;
			children = (
				D83A82631CA017D400B8927E /* Base */,
			);
			name = LaunchScreen.storyboard;
			sourceTree = "<group>";
		};
/* End PBXVariantGroup section */

/* Begin XCBuildConfiguration section */
		D83A82661CA017D400B8927E /* Debug */ = {
			isa = XCBuildConfiguration;
			buildSettings = {
				ASSETCATALOG_COMPILER_APPICON_NAME = AppIcon;
				INFOPLIST_FILE = iOSExamples/Info.plist;
				LD_RUNPATH_SEARCH_PATHS = "$(inherited) @executable_path/Frameworks";
				PRODUCT_BUNDLE_IDENTIFIER = "-1-xing.iOSExamples";
				PRODUCT_NAME = "$(TARGET_NAME)";
				SWIFT_OBJC_BRIDGING_HEADER = "iOSExamples/Swift-Bridge-Header.h";
			};
			name = Debug;
		};
		D83A82671CA017D400B8927E /* Release */ = {
			isa = XCBuildConfiguration;
			buildSettings = {
				ASSETCATALOG_COMPILER_APPICON_NAME = AppIcon;
				INFOPLIST_FILE = iOSExamples/Info.plist;
				LD_RUNPATH_SEARCH_PATHS = "$(inherited) @executable_path/Frameworks";
				PRODUCT_BUNDLE_IDENTIFIER = "-1-xing.iOSExamples";
				PRODUCT_NAME = "$(TARGET_NAME)";
				SWIFT_OBJC_BRIDGING_HEADER = "iOSExamples/Swift-Bridge-Header.h";
			};
			name = Release;
		};
		D898DF761C9FE84500A88502 /* Debug */ = {
			isa = XCBuildConfiguration;
			buildSettings = {
				ALWAYS_SEARCH_USER_PATHS = NO;
				CLANG_CXX_LANGUAGE_STANDARD = "gnu++0x";
				CLANG_CXX_LIBRARY = "libc++";
				CLANG_ENABLE_MODULES = YES;
				CLANG_ENABLE_OBJC_ARC = YES;
				CLANG_WARN_BOOL_CONVERSION = YES;
				CLANG_WARN_CONSTANT_CONVERSION = YES;
				CLANG_WARN_DIRECT_OBJC_ISA_USAGE = YES_ERROR;
				CLANG_WARN_EMPTY_BODY = YES;
				CLANG_WARN_ENUM_CONVERSION = YES;
				CLANG_WARN_INT_CONVERSION = YES;
				CLANG_WARN_OBJC_ROOT_CLASS = YES_ERROR;
				CLANG_WARN_UNREACHABLE_CODE = YES;
				CLANG_WARN__DUPLICATE_METHOD_MATCH = YES;
				"CODE_SIGN_IDENTITY[sdk=iphoneos*]" = "iPhone Developer";
				COPY_PHASE_STRIP = NO;
				DEBUG_INFORMATION_FORMAT = dwarf;
				ENABLE_STRICT_OBJC_MSGSEND = YES;
				ENABLE_TESTABILITY = YES;
				GCC_C_LANGUAGE_STANDARD = gnu99;
				GCC_DYNAMIC_NO_PIC = NO;
				GCC_NO_COMMON_BLOCKS = YES;
				GCC_OPTIMIZATION_LEVEL = 0;
				GCC_PREPROCESSOR_DEFINITIONS = (
					"DEBUG=1",
					"$(inherited)",
				);
				GCC_WARN_64_TO_32_BIT_CONVERSION = YES;
				GCC_WARN_ABOUT_RETURN_TYPE = YES_ERROR;
				GCC_WARN_UNDECLARED_SELECTOR = YES;
				GCC_WARN_UNINITIALIZED_AUTOS = YES_AGGRESSIVE;
				GCC_WARN_UNUSED_FUNCTION = YES;
				GCC_WARN_UNUSED_VARIABLE = YES;
				IPHONEOS_DEPLOYMENT_TARGET = 9.2;
				MTL_ENABLE_DEBUG_INFO = YES;
				ONLY_ACTIVE_ARCH = YES;
				SDKROOT = iphoneos;
				SWIFT_OPTIMIZATION_LEVEL = "-Onone";
			};
			name = Debug;
		};
		D898DF771C9FE84500A88502 /* Release */ = {
			isa = XCBuildConfiguration;
			buildSettings = {
				ALWAYS_SEARCH_USER_PATHS = NO;
				CLANG_CXX_LANGUAGE_STANDARD = "gnu++0x";
				CLANG_CXX_LIBRARY = "libc++";
				CLANG_ENABLE_MODULES = YES;
				CLANG_ENABLE_OBJC_ARC = YES;
				CLANG_WARN_BOOL_CONVERSION = YES;
				CLANG_WARN_CONSTANT_CONVERSION = YES;
				CLANG_WARN_DIRECT_OBJC_ISA_USAGE = YES_ERROR;
				CLANG_WARN_EMPTY_BODY = YES;
				CLANG_WARN_ENUM_CONVERSION = YES;
				CLANG_WARN_INT_CONVERSION = YES;
				CLANG_WARN_OBJC_ROOT_CLASS = YES_ERROR;
				CLANG_WARN_UNREACHABLE_CODE = YES;
				CLANG_WARN__DUPLICATE_METHOD_MATCH = YES;
				"CODE_SIGN_IDENTITY[sdk=iphoneos*]" = "iPhone Developer";
				COPY_PHASE_STRIP = NO;
				DEBUG_INFORMATION_FORMAT = "dwarf-with-dsym";
				ENABLE_NS_ASSERTIONS = NO;
				ENABLE_STRICT_OBJC_MSGSEND = YES;
				GCC_C_LANGUAGE_STANDARD = gnu99;
				GCC_NO_COMMON_BLOCKS = YES;
				GCC_WARN_64_TO_32_BIT_CONVERSION = YES;
				GCC_WARN_ABOUT_RETURN_TYPE = YES_ERROR;
				GCC_WARN_UNDECLARED_SELECTOR = YES;
				GCC_WARN_UNINITIALIZED_AUTOS = YES_AGGRESSIVE;
				GCC_WARN_UNUSED_FUNCTION = YES;
				GCC_WARN_UNUSED_VARIABLE = YES;
				IPHONEOS_DEPLOYMENT_TARGET = 9.2;
				MTL_ENABLE_DEBUG_INFO = NO;
				SDKROOT = iphoneos;
				VALIDATE_PRODUCT = YES;
			};
			name = Release;
		};
/* End XCBuildConfiguration section */

/* Begin XCConfigurationList section */
		D83A82681CA017D400B8927E /* Build configuration list for PBXNativeTarget "iOSExamples" */ = {
			isa = XCConfigurationList;
			buildConfigurations = (
				D83A82661CA017D400B8927E /* Debug */,
				D83A82671CA017D400B8927E /* Release */,
			);
			defaultConfigurationIsVisible = 0;
		};
		D898DF611C9FE84500A88502 /* Build configuration list for PBXProject "SwiftMarkdownParserExamples" */ = {
			isa = XCConfigurationList;
			buildConfigurations = (
				D898DF761C9FE84500A88502 /* Debug */,
				D898DF771C9FE84500A88502 /* Release */,
			);
			defaultConfigurationIsVisible = 0;
			defaultConfigurationName = Release;
		};
/* End XCConfigurationList section */
	};
	rootObject = D898DF5E1C9FE84500A88502 /* Project object */;
}
